
Microsoft Visual Studio Solution File, Format Version 12.00
Project("{FAE04EC0-301F-11D3-BF4B-00C04F79EFBC}") = "LongestPalindromicSubstring.5", "LongestPalindromicSubstring.5\LongestPalindromicSubstring.5.csproj", "{B428FD46-FD46-4464-8309-6F547AD9545E}"
EndProject
Global
	GlobalSection(SolutionConfigurationPlatforms) = preSolution
		Debug|Any CPU = Debug|Any CPU
		Release|Any CPU = Release|Any CPU
	EndGlobalSection
	GlobalSection(ProjectConfigurationPlatforms) = postSolution
		{B428FD46-FD46-4464-8309-6F547AD9545E}.Debug|Any CPU.ActiveCfg = Debug|Any CPU
		{B428FD46-FD46-4464-8309-6F547AD9545E}.Debug|Any CPU.Build.0 = Debug|Any CPU
		{B428FD46-FD46-4464-8309-6F547AD9545E}.Release|Any CPU.ActiveCfg = Release|Any CPU
		{B428FD46-FD46-4464-8309-6F547AD9545E}.Release|Any CPU.Build.0 = Release|Any CPU
	EndGlobalSection
EndGlobal
