
Microsoft Visual Studio Solution File, Format Version 12.00
Project("{FAE04EC0-301F-11D3-BF4B-00C04F79EFBC}") = "Kth_Smallest_Element_BST_230", "Kth_Smallest_Element_BST_230\Kth_Smallest_Element_BST_230.csproj", "{37D35144-E827-496F-8297-83BC7A115BE7}"
EndProject
Global
	GlobalSection(SolutionConfigurationPlatforms) = preSolution
		Debug|Any CPU = Debug|Any CPU
		Release|Any CPU = Release|Any CPU
	EndGlobalSection
	GlobalSection(ProjectConfigurationPlatforms) = postSolution
		{37D35144-E827-496F-8297-83BC7A115BE7}.Debug|Any CPU.ActiveCfg = Debug|Any CPU
		{37D35144-E827-496F-8297-83BC7A115BE7}.Debug|Any CPU.Build.0 = Debug|Any CPU
		{37D35144-E827-496F-8297-83BC7A115BE7}.Release|Any CPU.ActiveCfg = Release|Any CPU
		{37D35144-E827-496F-8297-83BC7A115BE7}.Release|Any CPU.Build.0 = Release|Any CPU
	EndGlobalSection
EndGlobal
